// !$*UTF8*$!
{
	archiveVersion = 1;
	classes = {
	};
	objectVersion = 56;
	objects = {

/* Begin PBXBuildFile section */
		54D27AEE29ABF02600C0965E /* AppDelegate.swift in Sources */ = {isa = PBXBuildFile; fileRef = 54D27AED29ABF02600C0965E /* AppDelegate.swift */; };
		54D27AF029ABF02600C0965E /* SceneDelegate.swift in Sources */ = {isa = PBXBuildFile; fileRef = 54D27AEF29ABF02600C0965E /* SceneDelegate.swift */; };
		54D27AF229ABF02600C0965E /* ViewController.swift in Sources */ = {isa = PBXBuildFile; fileRef = 54D27AF129ABF02600C0965E /* ViewController.swift */; };
		54D27AF529ABF02600C0965E /* Main.storyboard in Resources */ = {isa = PBXBuildFile; fileRef = 54D27AF329ABF02600C0965E /* Main.storyboard */; };
		54D27AF729ABF02600C0965E /* Assets.xcassets in Resources */ = {isa = PBXBuildFile; fileRef = 54D27AF629ABF02600C0965E /* Assets.xcassets */; };
		54D27AFA29ABF02600C0965E /* LaunchScreen.storyboard in Resources */ = {isa = PBXBuildFile; fileRef = 54D27AF829ABF02600C0965E /* LaunchScreen.storyboard */; };
		54D27B0329ABF0BF00C0965E /* Apollo in Frameworks */ = {isa = PBXBuildFile; productRef = 54D27B0229ABF0BF00C0965E /* Apollo */; };
		54D27B0529ABF15C00C0965E /* R&MSchema.graphqls in Resources */ = {isa = PBXBuildFile; fileRef = 54D27B0429ABF15C00C0965E /* R&MSchema.graphqls */; };
		54D27B0829ABF6ED00C0965E /* AllCharacters.graphql in Resources */ = {isa = PBXBuildFile; fileRef = 54D27B0729ABF6ED00C0965E /* AllCharacters.graphql */; };
		54D27B1929ABF9CD00C0965E /* AllCharactersQuery.graphql.swift in Sources */ = {isa = PBXBuildFile; fileRef = 54D27B1029ABF9CD00C0965E /* AllCharactersQuery.graphql.swift */; };
		54D27B1A29ABF9CD00C0965E /* Characters.graphql.swift in Sources */ = {isa = PBXBuildFile; fileRef = 54D27B1329ABF9CD00C0965E /* Characters.graphql.swift */; };
		54D27B1B29ABF9CD00C0965E /* Character.graphql.swift in Sources */ = {isa = PBXBuildFile; fileRef = 54D27B1429ABF9CD00C0965E /* Character.graphql.swift */; };
		54D27B1C29ABF9CD00C0965E /* Query.graphql.swift in Sources */ = {isa = PBXBuildFile; fileRef = 54D27B1529ABF9CD00C0965E /* Query.graphql.swift */; };
		54D27B1D29ABF9CD00C0965E /* SchemaConfiguration.swift in Sources */ = {isa = PBXBuildFile; fileRef = 54D27B1629ABF9CD00C0965E /* SchemaConfiguration.swift */; };
		54D27B1E29ABF9CD00C0965E /* SchemaMetadata.graphql.swift in Sources */ = {isa = PBXBuildFile; fileRef = 54D27B1729ABF9CD00C0965E /* SchemaMetadata.graphql.swift */; };
		54D27B1F29ABF9CD00C0965E /* MortySchema.graphql.swift in Sources */ = {isa = PBXBuildFile; fileRef = 54D27B1829ABF9CD00C0965E /* MortySchema.graphql.swift */; };
/* End PBXBuildFile section */

/* Begin PBXFileReference section */
		54D27AEA29ABF02600C0965E /* MortyDex.app */ = {isa = PBXFileReference; explicitFileType = wrapper.application; includeInIndex = 0; path = MortyDex.app; sourceTree = BUILT_PRODUCTS_DIR; };
		54D27AED29ABF02600C0965E /* AppDelegate.swift */ = {isa = PBXFileReference; lastKnownFileType = sourcecode.swift; path = AppDelegate.swift; sourceTree = "<group>"; };
		54D27AEF29ABF02600C0965E /* SceneDelegate.swift */ = {isa = PBXFileReference; lastKnownFileType = sourcecode.swift; path = SceneDelegate.swift; sourceTree = "<group>"; };
		54D27AF129ABF02600C0965E /* ViewController.swift */ = {isa = PBXFileReference; lastKnownFileType = sourcecode.swift; path = ViewController.swift; sourceTree = "<group>"; };
		54D27AF429ABF02600C0965E /* Base */ = {isa = PBXFileReference; lastKnownFileType = file.storyboard; name = Base; path = Base.lproj/Main.storyboard; sourceTree = "<group>"; };
		54D27AF629ABF02600C0965E /* Assets.xcassets */ = {isa = PBXFileReference; lastKnownFileType = folder.assetcatalog; path = Assets.xcassets; sourceTree = "<group>"; };
		54D27AF929ABF02600C0965E /* Base */ = {isa = PBXFileReference; lastKnownFileType = file.storyboard; name = Base; path = Base.lproj/LaunchScreen.storyboard; sourceTree = "<group>"; };
		54D27AFB29ABF02600C0965E /* Info.plist */ = {isa = PBXFileReference; lastKnownFileType = text.plist.xml; path = Info.plist; sourceTree = "<group>"; };
		54D27B0429ABF15C00C0965E /* R&MSchema.graphqls */ = {isa = PBXFileReference; lastKnownFileType = text; path = "R&MSchema.graphqls"; sourceTree = "<group>"; };
		54D27B0729ABF6ED00C0965E /* AllCharacters.graphql */ = {isa = PBXFileReference; lastKnownFileType = text; path = AllCharacters.graphql; sourceTree = "<group>"; };
		54D27B1029ABF9CD00C0965E /* AllCharactersQuery.graphql.swift */ = {isa = PBXFileReference; fileEncoding = 4; lastKnownFileType = sourcecode.swift; path = AllCharactersQuery.graphql.swift; sourceTree = "<group>"; };
		54D27B1329ABF9CD00C0965E /* Characters.graphql.swift */ = {isa = PBXFileReference; fileEncoding = 4; lastKnownFileType = sourcecode.swift; path = Characters.graphql.swift; sourceTree = "<group>"; };
		54D27B1429ABF9CD00C0965E /* Character.graphql.swift */ = {isa = PBXFileReference; fileEncoding = 4; lastKnownFileType = sourcecode.swift; path = Character.graphql.swift; sourceTree = "<group>"; };
		54D27B1529ABF9CD00C0965E /* Query.graphql.swift */ = {isa = PBXFileReference; fileEncoding = 4; lastKnownFileType = sourcecode.swift; path = Query.graphql.swift; sourceTree = "<group>"; };
		54D27B1629ABF9CD00C0965E /* SchemaConfiguration.swift */ = {isa = PBXFileReference; fileEncoding = 4; lastKnownFileType = sourcecode.swift; path = SchemaConfiguration.swift; sourceTree = "<group>"; };
		54D27B1729ABF9CD00C0965E /* SchemaMetadata.graphql.swift */ = {isa = PBXFileReference; fileEncoding = 4; lastKnownFileType = sourcecode.swift; path = SchemaMetadata.graphql.swift; sourceTree = "<group>"; };
		54D27B1829ABF9CD00C0965E /* MortySchema.graphql.swift */ = {isa = PBXFileReference; fileEncoding = 4; lastKnownFileType = sourcecode.swift; path = MortySchema.graphql.swift; sourceTree = "<group>"; };
/* End PBXFileReference section */

/* Begin PBXFrameworksBuildPhase section */
		54D27AE729ABF02500C0965E /* Frameworks */ = {
			isa = PBXFrameworksBuildPhase;
			buildActionMask = 2147483647;
			files = (
				54D27B0329ABF0BF00C0965E /* Apollo in Frameworks */,
			);
			runOnlyForDeploymentPostprocessing = 0;
		};
/* End PBXFrameworksBuildPhase section */

/* Begin PBXGroup section */
		54D27AE129ABF02500C0965E = {
			isa = PBXGroup;
			children = (
				54D27AEC29ABF02600C0965E /* MortyDex */,
				54D27AEB29ABF02600C0965E /* Products */,
			);
			sourceTree = "<group>";
		};
		54D27AEB29ABF02600C0965E /* Products */ = {
			isa = PBXGroup;
			children = (
				54D27AEA29ABF02600C0965E /* MortyDex.app */,
			);
			name = Products;
			sourceTree = "<group>";
		};
		54D27AEC29ABF02600C0965E /* MortyDex */ = {
			isa = PBXGroup;
			children = (
				54D27B0D29ABF9CD00C0965E /* MortySchema */,
				54D27B0629ABF6BC00C0965E /* Queries */,
				54D27AED29ABF02600C0965E /* AppDelegate.swift */,
				54D27AEF29ABF02600C0965E /* SceneDelegate.swift */,
				54D27AF129ABF02600C0965E /* ViewController.swift */,
				54D27AF329ABF02600C0965E /* Main.storyboard */,
				54D27AF629ABF02600C0965E /* Assets.xcassets */,
				54D27AF829ABF02600C0965E /* LaunchScreen.storyboard */,
				54D27AFB29ABF02600C0965E /* Info.plist */,
				54D27B0429ABF15C00C0965E /* R&MSchema.graphqls */,
			);
			path = MortyDex;
			sourceTree = "<group>";
		};
		54D27B0629ABF6BC00C0965E /* Queries */ = {
			isa = PBXGroup;
			children = (
				54D27B0729ABF6ED00C0965E /* AllCharacters.graphql */,
			);
			path = Queries;
			sourceTree = "<group>";
		};
		54D27B0D29ABF9CD00C0965E /* MortySchema */ = {
			isa = PBXGroup;
			children = (
				54D27B0E29ABF9CD00C0965E /* Operations */,
				54D27B1129ABF9CD00C0965E /* Schema */,
				54D27B1829ABF9CD00C0965E /* MortySchema.graphql.swift */,
			);
			path = MortySchema;
			sourceTree = SOURCE_ROOT;
		};
		54D27B0E29ABF9CD00C0965E /* Operations */ = {
			isa = PBXGroup;
			children = (
				54D27B0F29ABF9CD00C0965E /* Queries */,
			);
			path = Operations;
			sourceTree = "<group>";
		};
		54D27B0F29ABF9CD00C0965E /* Queries */ = {
			isa = PBXGroup;
			children = (
				54D27B1029ABF9CD00C0965E /* AllCharactersQuery.graphql.swift */,
			);
			path = Queries;
			sourceTree = "<group>";
		};
		54D27B1129ABF9CD00C0965E /* Schema */ = {
			isa = PBXGroup;
			children = (
				54D27B1229ABF9CD00C0965E /* Objects */,
				54D27B1629ABF9CD00C0965E /* SchemaConfiguration.swift */,
				54D27B1729ABF9CD00C0965E /* SchemaMetadata.graphql.swift */,
			);
			path = Schema;
			sourceTree = "<group>";
		};
		54D27B1229ABF9CD00C0965E /* Objects */ = {
			isa = PBXGroup;
			children = (
				54D27B1329ABF9CD00C0965E /* Characters.graphql.swift */,
				54D27B1429ABF9CD00C0965E /* Character.graphql.swift */,
				54D27B1529ABF9CD00C0965E /* Query.graphql.swift */,
			);
			path = Objects;
			sourceTree = "<group>";
		};
/* End PBXGroup section */

/* Begin PBXNativeTarget section */
		54D27AE929ABF02500C0965E /* MortyDex */ = {
			isa = PBXNativeTarget;
			buildConfigurationList = 54D27AFE29ABF02600C0965E /* Build configuration list for PBXNativeTarget "MortyDex" */;
			buildPhases = (
				54D27AE629ABF02500C0965E /* Sources */,
				54D27AE729ABF02500C0965E /* Frameworks */,
				54D27AE829ABF02500C0965E /* Resources */,
			);
			buildRules = (
			);
			dependencies = (
			);
			name = MortyDex;
			packageProductDependencies = (
				54D27B0229ABF0BF00C0965E /* Apollo */,
			);
			productName = MortyDex;
			productReference = 54D27AEA29ABF02600C0965E /* MortyDex.app */;
			productType = "com.apple.product-type.application";
		};
/* End PBXNativeTarget section */

/* Begin PBXProject section */
		54D27AE229ABF02500C0965E /* Project object */ = {
			isa = PBXProject;
			attributes = {
				BuildIndependentTargetsInParallel = 1;
				LastSwiftUpdateCheck = 1420;
				LastUpgradeCheck = 1420;
				TargetAttributes = {
					54D27AE929ABF02500C0965E = {
						CreatedOnToolsVersion = 14.2;
					};
				};
			};
			buildConfigurationList = 54D27AE529ABF02500C0965E /* Build configuration list for PBXProject "MortyDex" */;
			compatibilityVersion = "Xcode 14.0";
			developmentRegion = en;
			hasScannedForEncodings = 0;
			knownRegions = (
				en,
				Base,
			);
			mainGroup = 54D27AE129ABF02500C0965E;
			packageReferences = (
				54D27B0129ABF0BF00C0965E /* XCRemoteSwiftPackageReference "apollo-ios" */,
			);
			productRefGroup = 54D27AEB29ABF02600C0965E /* Products */;
			projectDirPath = "";
			projectRoot = "";
			targets = (
				54D27AE929ABF02500C0965E /* MortyDex */,
			);
		};
/* End PBXProject section */

/* Begin PBXResourcesBuildPhase section */
		54D27AE829ABF02500C0965E /* Resources */ = {
			isa = PBXResourcesBuildPhase;
			buildActionMask = 2147483647;
			files = (
				54D27B0529ABF15C00C0965E /* R&MSchema.graphqls in Resources */,
				54D27AFA29ABF02600C0965E /* LaunchScreen.storyboard in Resources */,
				54D27AF729ABF02600C0965E /* Assets.xcassets in Resources */,
				54D27B0829ABF6ED00C0965E /* AllCharacters.graphql in Resources */,
				54D27AF529ABF02600C0965E /* Main.storyboard in Resources */,
			);
			runOnlyForDeploymentPostprocessing = 0;
		};
/* End PBXResourcesBuildPhase section */

/* Begin PBXSourcesBuildPhase section */
		54D27AE629ABF02500C0965E /* Sources */ = {
			isa = PBXSourcesBuildPhase;
			buildActionMask = 2147483647;
			files = (
				54D27B1A29ABF9CD00C0965E /* Characters.graphql.swift in Sources */,
				54D27B1F29ABF9CD00C0965E /* MortySchema.graphql.swift in Sources */,
				54D27AF229ABF02600C0965E /* ViewController.swift in Sources */,
				54D27B1B29ABF9CD00C0965E /* Character.graphql.swift in Sources */,
				54D27AEE29ABF02600C0965E /* AppDelegate.swift in Sources */,
				54D27B1929ABF9CD00C0965E /* AllCharactersQuery.graphql.swift in Sources */,
				54D27B1D29ABF9CD00C0965E /* SchemaConfiguration.swift in Sources */,
				54D27AF029ABF02600C0965E /* SceneDelegate.swift in Sources */,
				54D27B1E29ABF9CD00C0965E /* SchemaMetadata.graphql.swift in Sources */,
				54D27B1C29ABF9CD00C0965E /* Query.graphql.swift in Sources */,
			);
			runOnlyForDeploymentPostprocessing = 0;
		};
/* End PBXSourcesBuildPhase section */

/* Begin PBXVariantGroup section */
		54D27AF329ABF02600C0965E /* Main.storyboard */ = {
			isa = PBXVariantGroup;
			children = (
				54D27AF429ABF02600C0965E /* Base */,
			);
			name = Main.storyboard;
			sourceTree = "<group>";
		};
		54D27AF829ABF02600C0965E /* LaunchScreen.storyboard */ = {
			isa = PBXVariantGroup;
			children = (
				54D27AF929ABF02600C0965E /* Base */,
			);
			name = LaunchScreen.storyboard;
			sourceTree = "<group>";
		};
/* End PBXVariantGroup section */

/* Begin XCBuildConfiguration section */
		54D27AFC29ABF02600C0965E /* Debug */ = {
			isa = XCBuildConfiguration;
			buildSettings = {
				ALWAYS_SEARCH_USER_PATHS = NO;
				CLANG_ANALYZER_NONNULL = YES;
				CLANG_ANALYZER_NUMBER_OBJECT_CONVERSION = YES_AGGRESSIVE;
				CLANG_CXX_LANGUAGE_STANDARD = "gnu++20";
				CLANG_ENABLE_MODULES = YES;
				CLANG_ENABLE_OBJC_ARC = YES;
				CLANG_ENABLE_OBJC_WEAK = YES;
				CLANG_WARN_BLOCK_CAPTURE_AUTORELEASING = YES;
				CLANG_WARN_BOOL_CONVERSION = YES;
				CLANG_WARN_COMMA = YES;
				CLANG_WARN_CONSTANT_CONVERSION = YES;
				CLANG_WARN_DEPRECATED_OBJC_IMPLEMENTATIONS = YES;
				CLANG_WARN_DIRECT_OBJC_ISA_USAGE = YES_ERROR;
				CLANG_WARN_DOCUMENTATION_COMMENTS = YES;
				CLANG_WARN_EMPTY_BODY = YES;
				CLANG_WARN_ENUM_CONVERSION = YES;
				CLANG_WARN_INFINITE_RECURSION = YES;
				CLANG_WARN_INT_CONVERSION = YES;
				CLANG_WARN_NON_LITERAL_NULL_CONVERSION = YES;
				CLANG_WARN_OBJC_IMPLICIT_RETAIN_SELF = YES;
				CLANG_WARN_OBJC_LITERAL_CONVERSION = YES;
				CLANG_WARN_OBJC_ROOT_CLASS = YES_ERROR;
				CLANG_WARN_QUOTED_INCLUDE_IN_FRAMEWORK_HEADER = YES;
				CLANG_WARN_RANGE_LOOP_ANALYSIS = YES;
				CLANG_WARN_STRICT_PROTOTYPES = YES;
				CLANG_WARN_SUSPICIOUS_MOVE = YES;
				CLANG_WARN_UNGUARDED_AVAILABILITY = YES_AGGRESSIVE;
				CLANG_WARN_UNREACHABLE_CODE = YES;
				CLANG_WARN__DUPLICATE_METHOD_MATCH = YES;
				COPY_PHASE_STRIP = NO;
				DEBUG_INFORMATION_FORMAT = dwarf;
				ENABLE_STRICT_OBJC_MSGSEND = YES;
				ENABLE_TESTABILITY = YES;
				GCC_C_LANGUAGE_STANDARD = gnu11;
				GCC_DYNAMIC_NO_PIC = NO;
				GCC_NO_COMMON_BLOCKS = YES;
				GCC_OPTIMIZATION_LEVEL = 0;
				GCC_PREPROCESSOR_DEFINITIONS = (
					"DEBUG=1",
					"$(inherited)",
				);
				GCC_WARN_64_TO_32_BIT_CONVERSION = YES;
				GCC_WARN_ABOUT_RETURN_TYPE = YES_ERROR;
				GCC_WARN_UNDECLARED_SELECTOR = YES;
				GCC_WARN_UNINITIALIZED_AUTOS = YES_AGGRESSIVE;
				GCC_WARN_UNUSED_FUNCTION = YES;
				GCC_WARN_UNUSED_VARIABLE = YES;
				IPHONEOS_DEPLOYMENT_TARGET = 16.2;
				MTL_ENABLE_DEBUG_INFO = INCLUDE_SOURCE;
				MTL_FAST_MATH = YES;
				ONLY_ACTIVE_ARCH = YES;
				SDKROOT = iphoneos;
				SWIFT_ACTIVE_COMPILATION_CONDITIONS = DEBUG;
				SWIFT_OPTIMIZATION_LEVEL = "-Onone";
			};
			name = Debug;
		};
		54D27AFD29ABF02600C0965E /* Release */ = {
			isa = XCBuildConfiguration;
			buildSettings = {
				ALWAYS_SEARCH_USER_PATHS = NO;
				CLANG_ANALYZER_NONNULL = YES;
				CLANG_ANALYZER_NUMBER_OBJECT_CONVERSION = YES_AGGRESSIVE;
				CLANG_CXX_LANGUAGE_STANDARD = "gnu++20";
				CLANG_ENABLE_MODULES = YES;
				CLANG_ENABLE_OBJC_ARC = YES;
				CLANG_ENABLE_OBJC_WEAK = YES;
				CLANG_WARN_BLOCK_CAPTURE_AUTORELEASING = YES;
				CLANG_WARN_BOOL_CONVERSION = YES;
				CLANG_WARN_COMMA = YES;
				CLANG_WARN_CONSTANT_CONVERSION = YES;
				CLANG_WARN_DEPRECATED_OBJC_IMPLEMENTATIONS = YES;
				CLANG_WARN_DIRECT_OBJC_ISA_USAGE = YES_ERROR;
				CLANG_WARN_DOCUMENTATION_COMMENTS = YES;
				CLANG_WARN_EMPTY_BODY = YES;
				CLANG_WARN_ENUM_CONVERSION = YES;
				CLANG_WARN_INFINITE_RECURSION = YES;
				CLANG_WARN_INT_CONVERSION = YES;
				CLANG_WARN_NON_LITERAL_NULL_CONVERSION = YES;
				CLANG_WARN_OBJC_IMPLICIT_RETAIN_SELF = YES;
				CLANG_WARN_OBJC_LITERAL_CONVERSION = YES;
				CLANG_WARN_OBJC_ROOT_CLASS = YES_ERROR;
				CLANG_WARN_QUOTED_INCLUDE_IN_FRAMEWORK_HEADER = YES;
				CLANG_WARN_RANGE_LOOP_ANALYSIS = YES;
				CLANG_WARN_STRICT_PROTOTYPES = YES;
				CLANG_WARN_SUSPICIOUS_MOVE = YES;
				CLANG_WARN_UNGUARDED_AVAILABILITY = YES_AGGRESSIVE;
				CLANG_WARN_UNREACHABLE_CODE = YES;
				CLANG_WARN__DUPLICATE_METHOD_MATCH = YES;
				COPY_PHASE_STRIP = NO;
				DEBUG_INFORMATION_FORMAT = "dwarf-with-dsym";
				ENABLE_NS_ASSERTIONS = NO;
				ENABLE_STRICT_OBJC_MSGSEND = YES;
				GCC_C_LANGUAGE_STANDARD = gnu11;
				GCC_NO_COMMON_BLOCKS = YES;
				GCC_WARN_64_TO_32_BIT_CONVERSION = YES;
				GCC_WARN_ABOUT_RETURN_TYPE = YES_ERROR;
				GCC_WARN_UNDECLARED_SELECTOR = YES;
				GCC_WARN_UNINITIALIZED_AUTOS = YES_AGGRESSIVE;
				GCC_WARN_UNUSED_FUNCTION = YES;
				GCC_WARN_UNUSED_VARIABLE = YES;
				IPHONEOS_DEPLOYMENT_TARGET = 16.2;
				MTL_ENABLE_DEBUG_INFO = NO;
				MTL_FAST_MATH = YES;
				SDKROOT = iphoneos;
				SWIFT_COMPILATION_MODE = wholemodule;
				SWIFT_OPTIMIZATION_LEVEL = "-O";
				VALIDATE_PRODUCT = YES;
			};
			name = Release;
		};
		54D27AFF29ABF02600C0965E /* Debug */ = {
			isa = XCBuildConfiguration;
			buildSettings = {
				ASSETCATALOG_COMPILER_APPICON_NAME = AppIcon;
				ASSETCATALOG_COMPILER_GLOBAL_ACCENT_COLOR_NAME = AccentColor;
				CODE_SIGN_STYLE = Automatic;
				CURRENT_PROJECT_VERSION = 1;
				DEVELOPMENT_TEAM = ZLYSHH5PC8;
				GENERATE_INFOPLIST_FILE = YES;
				INFOPLIST_FILE = MortyDex/Info.plist;
				INFOPLIST_KEY_UIApplicationSupportsIndirectInputEvents = YES;
				INFOPLIST_KEY_UILaunchStoryboardName = LaunchScreen;
				INFOPLIST_KEY_UIMainStoryboardFile = Main;
				INFOPLIST_KEY_UISupportedInterfaceOrientations_iPad = "UIInterfaceOrientationPortrait UIInterfaceOrientationPortraitUpsideDown UIInterfaceOrientationLandscapeLeft UIInterfaceOrientationLandscapeRight";
				INFOPLIST_KEY_UISupportedInterfaceOrientations_iPhone = "UIInterfaceOrientationPortrait UIInterfaceOrientationLandscapeLeft UIInterfaceOrientationLandscapeRight";
				LD_RUNPATH_SEARCH_PATHS = (
					"$(inherited)",
					"@executable_path/Frameworks",
				);
				MARKETING_VERSION = 1.0;
				PRODUCT_BUNDLE_IDENTIFIER = com.singh.MortyDex;
				PRODUCT_NAME = "$(TARGET_NAME)";
				SWIFT_EMIT_LOC_STRINGS = YES;
				SWIFT_VERSION = 5.0;
				TARGETED_DEVICE_FAMILY = "1,2";
			};
			name = Debug;
		};
		54D27B0029ABF02600C0965E /* Release */ = {
			isa = XCBuildConfiguration;
			buildSettings = {
				ASSETCATALOG_COMPILER_APPICON_NAME = AppIcon;
				ASSETCATALOG_COMPILER_GLOBAL_ACCENT_COLOR_NAME = AccentColor;
				CODE_SIGN_STYLE = Automatic;
				CURRENT_PROJECT_VERSION = 1;
				DEVELOPMENT_TEAM = ZLYSHH5PC8;
				GENERATE_INFOPLIST_FILE = YES;
				INFOPLIST_FILE = MortyDex/Info.plist;
				INFOPLIST_KEY_UIApplicationSupportsIndirectInputEvents = YES;
				INFOPLIST_KEY_UILaunchStoryboardName = LaunchScreen;
				INFOPLIST_KEY_UIMainStoryboardFile = Main;
				INFOPLIST_KEY_UISupportedInterfaceOrientations_iPad = "UIInterfaceOrientationPortrait UIInterfaceOrientationPortraitUpsideDown UIInterfaceOrientationLandscapeLeft UIInterfaceOrientationLandscapeRight";
				INFOPLIST_KEY_UISupportedInterfaceOrientations_iPhone = "UIInterfaceOrientationPortrait UIInterfaceOrientationLandscapeLeft UIInterfaceOrientationLandscapeRight";
				LD_RUNPATH_SEARCH_PATHS = (
					"$(inherited)",
					"@executable_path/Frameworks",
				);
				MARKETING_VERSION = 1.0;
				PRODUCT_BUNDLE_IDENTIFIER = com.singh.MortyDex;
				PRODUCT_NAME = "$(TARGET_NAME)";
				SWIFT_EMIT_LOC_STRINGS = YES;
				SWIFT_VERSION = 5.0;
				TARGETED_DEVICE_FAMILY = "1,2";
			};
			name = Release;
		};
/* End XCBuildConfiguration section */

/* Begin XCConfigurationList section */
		54D27AE529ABF02500C0965E /* Build configuration list for PBXProject "MortyDex" */ = {
			isa = XCConfigurationList;
			buildConfigurations = (
				54D27AFC29ABF02600C0965E /* Debug */,
				54D27AFD29ABF02600C0965E /* Release */,
			);
			defaultConfigurationIsVisible = 0;
			defaultConfigurationName = Release;
		};
		54D27AFE29ABF02600C0965E /* Build configuration list for PBXNativeTarget "MortyDex" */ = {
			isa = XCConfigurationList;
			buildConfigurations = (
				54D27AFF29ABF02600C0965E /* Debug */,
				54D27B0029ABF02600C0965E /* Release */,
			);
			defaultConfigurationIsVisible = 0;
			defaultConfigurationName = Release;
		};
/* End XCConfigurationList section */

/* Begin XCRemoteSwiftPackageReference section */
		54D27B0129ABF0BF00C0965E /* XCRemoteSwiftPackageReference "apollo-ios" */ = {
			isa = XCRemoteSwiftPackageReference;
			repositoryURL = "https://github.com/apollographql/apollo-ios.git";
			requirement = {
				kind = exactVersion;
				version = 1.0.7;
			};
		};
/* End XCRemoteSwiftPackageReference section */

/* Begin XCSwiftPackageProductDependency section */
		54D27B0229ABF0BF00C0965E /* Apollo */ = {
			isa = XCSwiftPackageProductDependency;
			package = 54D27B0129ABF0BF00C0965E /* XCRemoteSwiftPackageReference "apollo-ios" */;
			productName = Apollo;
		};
/* End XCSwiftPackageProductDependency section */
	};
	rootObject = 54D27AE229ABF02500C0965E /* Project object */;
}
