// !$*UTF8*$!
{
	archiveVersion = 1;
	classes = {
	};
	objectVersion = 56;
	objects = {

/* Begin PBXBuildFile section */
		5406C88529AD5A2900D6E3A2 /* ImageCell.swift in Sources */ = {isa = PBXBuildFile; fileRef = 5406C88429AD5A2900D6E3A2 /* ImageCell.swift */; };
		5409E3AD29AD001200E16A01 /* CharacterCell.swift in Sources */ = {isa = PBXBuildFile; fileRef = 5409E3AC29AD001200E16A01 /* CharacterCell.swift */; };
		540DFABC29AD24BB002BD4F4 /* SDWebImage in Frameworks */ = {isa = PBXBuildFile; productRef = 540DFABB29AD24BB002BD4F4 /* SDWebImage */; };
		540DFAC229AD2D86002BD4F4 /* DetailsViewController.swift in Sources */ = {isa = PBXBuildFile; fileRef = 540DFAC129AD2D86002BD4F4 /* DetailsViewController.swift */; };
		549BD07B29AD0C6100DF0C4A /* Character.swift in Sources */ = {isa = PBXBuildFile; fileRef = 549BD07A29AD0C6100DF0C4A /* Character.swift */; };
		549BD08229AD0DF300DF0C4A /* Characters.swift in Sources */ = {isa = PBXBuildFile; fileRef = 549BD08129AD0DF300DF0C4A /* Characters.swift */; };
		54AF496129AD941200B20882 /* InfoCell.swift in Sources */ = {isa = PBXBuildFile; fileRef = 54AF495F29AD941200B20882 /* InfoCell.swift */; };
		54AF496229AD941200B20882 /* InfoCell.xib in Resources */ = {isa = PBXBuildFile; fileRef = 54AF496029AD941200B20882 /* InfoCell.xib */; };
		54D27AEE29ABF02600C0965E /* AppDelegate.swift in Sources */ = {isa = PBXBuildFile; fileRef = 54D27AED29ABF02600C0965E /* AppDelegate.swift */; };
		54D27AF029ABF02600C0965E /* SceneDelegate.swift in Sources */ = {isa = PBXBuildFile; fileRef = 54D27AEF29ABF02600C0965E /* SceneDelegate.swift */; };
		54D27AF229ABF02600C0965E /* MainViewController.swift in Sources */ = {isa = PBXBuildFile; fileRef = 54D27AF129ABF02600C0965E /* MainViewController.swift */; };
		54D27AF529ABF02600C0965E /* Main.storyboard in Resources */ = {isa = PBXBuildFile; fileRef = 54D27AF329ABF02600C0965E /* Main.storyboard */; };
		54D27AF729ABF02600C0965E /* Assets.xcassets in Resources */ = {isa = PBXBuildFile; fileRef = 54D27AF629ABF02600C0965E /* Assets.xcassets */; };
		54D27AFA29ABF02600C0965E /* LaunchScreen.storyboard in Resources */ = {isa = PBXBuildFile; fileRef = 54D27AF829ABF02600C0965E /* LaunchScreen.storyboard */; };
		54D27B0329ABF0BF00C0965E /* Apollo in Frameworks */ = {isa = PBXBuildFile; productRef = 54D27B0229ABF0BF00C0965E /* Apollo */; };
		54D27B0529ABF15C00C0965E /* R&MSchema.graphqls in Resources */ = {isa = PBXBuildFile; fileRef = 54D27B0429ABF15C00C0965E /* R&MSchema.graphqls */; };
		54D27B0829ABF6ED00C0965E /* AllCharacters.graphql in Resources */ = {isa = PBXBuildFile; fileRef = 54D27B0729ABF6ED00C0965E /* AllCharacters.graphql */; };
		54FF8A8729AE940A002A6D2F /* LocationsViewController.swift in Sources */ = {isa = PBXBuildFile; fileRef = 54FF8A8629AE940A002A6D2F /* LocationsViewController.swift */; };
		54FF8A8929AE9655002A6D2F /* TabBarController.swift in Sources */ = {isa = PBXBuildFile; fileRef = 54FF8A8829AE9655002A6D2F /* TabBarController.swift */; };
		54FF8A8B29AE9A53002A6D2F /* AllLocations.graphql in Resources */ = {isa = PBXBuildFile; fileRef = 54FF8A8A29AE9A53002A6D2F /* AllLocations.graphql */; };
		54FF8AB729AE9B4D002A6D2F /* AllCharactersQuery.graphql.swift in Sources */ = {isa = PBXBuildFile; fileRef = 54FF8AAA29AE9B4D002A6D2F /* AllCharactersQuery.graphql.swift */; };
		54FF8AB829AE9B4D002A6D2F /* AllLocationsQuery.graphql.swift in Sources */ = {isa = PBXBuildFile; fileRef = 54FF8AAB29AE9B4D002A6D2F /* AllLocationsQuery.graphql.swift */; };
		54FF8AB929AE9B4D002A6D2F /* Characters.graphql.swift in Sources */ = {isa = PBXBuildFile; fileRef = 54FF8AAE29AE9B4D002A6D2F /* Characters.graphql.swift */; };
		54FF8ABA29AE9B4D002A6D2F /* Character.graphql.swift in Sources */ = {isa = PBXBuildFile; fileRef = 54FF8AAF29AE9B4D002A6D2F /* Character.graphql.swift */; };
		54FF8ABB29AE9B4D002A6D2F /* Location.graphql.swift in Sources */ = {isa = PBXBuildFile; fileRef = 54FF8AB029AE9B4D002A6D2F /* Location.graphql.swift */; };
		54FF8ABC29AE9B4D002A6D2F /* Query.graphql.swift in Sources */ = {isa = PBXBuildFile; fileRef = 54FF8AB129AE9B4D002A6D2F /* Query.graphql.swift */; };
		54FF8ABD29AE9B4D002A6D2F /* Episode.graphql.swift in Sources */ = {isa = PBXBuildFile; fileRef = 54FF8AB229AE9B4D002A6D2F /* Episode.graphql.swift */; };
		54FF8ABE29AE9B4D002A6D2F /* Locations.graphql.swift in Sources */ = {isa = PBXBuildFile; fileRef = 54FF8AB329AE9B4D002A6D2F /* Locations.graphql.swift */; };
		54FF8ABF29AE9B4D002A6D2F /* SchemaConfiguration.swift in Sources */ = {isa = PBXBuildFile; fileRef = 54FF8AB429AE9B4D002A6D2F /* SchemaConfiguration.swift */; };
		54FF8AC029AE9B4D002A6D2F /* SchemaMetadata.graphql.swift in Sources */ = {isa = PBXBuildFile; fileRef = 54FF8AB529AE9B4D002A6D2F /* SchemaMetadata.graphql.swift */; };
		54FF8AC129AE9B4D002A6D2F /* MortySchema.graphql.swift in Sources */ = {isa = PBXBuildFile; fileRef = 54FF8AB629AE9B4D002A6D2F /* MortySchema.graphql.swift */; };
		54FF8AC329AE9C13002A6D2F /* Location.swift in Sources */ = {isa = PBXBuildFile; fileRef = 54FF8AC229AE9C13002A6D2F /* Location.swift */; };
		54FF8AC529AE9C1B002A6D2F /* Locations.swift in Sources */ = {isa = PBXBuildFile; fileRef = 54FF8AC429AE9C1B002A6D2F /* Locations.swift */; };
/* End PBXBuildFile section */

/* Begin PBXFileReference section */
		5406C88429AD5A2900D6E3A2 /* ImageCell.swift */ = {isa = PBXFileReference; lastKnownFileType = sourcecode.swift; path = ImageCell.swift; sourceTree = "<group>"; };
		5409E3AC29AD001200E16A01 /* CharacterCell.swift */ = {isa = PBXFileReference; lastKnownFileType = sourcecode.swift; path = CharacterCell.swift; sourceTree = "<group>"; };
		540DFAC129AD2D86002BD4F4 /* DetailsViewController.swift */ = {isa = PBXFileReference; lastKnownFileType = sourcecode.swift; name = DetailsViewController.swift; path = ../View/DetailsViewController.swift; sourceTree = "<group>"; };
		549BD07A29AD0C6100DF0C4A /* Character.swift */ = {isa = PBXFileReference; lastKnownFileType = sourcecode.swift; path = Character.swift; sourceTree = "<group>"; };
		549BD08129AD0DF300DF0C4A /* Characters.swift */ = {isa = PBXFileReference; lastKnownFileType = sourcecode.swift; path = Characters.swift; sourceTree = "<group>"; };
		54AF495F29AD941200B20882 /* InfoCell.swift */ = {isa = PBXFileReference; lastKnownFileType = sourcecode.swift; path = InfoCell.swift; sourceTree = "<group>"; };
		54AF496029AD941200B20882 /* InfoCell.xib */ = {isa = PBXFileReference; lastKnownFileType = file.xib; path = InfoCell.xib; sourceTree = "<group>"; };
		54D27AEA29ABF02600C0965E /* MortyDex.app */ = {isa = PBXFileReference; explicitFileType = wrapper.application; includeInIndex = 0; path = MortyDex.app; sourceTree = BUILT_PRODUCTS_DIR; };
		54D27AED29ABF02600C0965E /* AppDelegate.swift */ = {isa = PBXFileReference; lastKnownFileType = sourcecode.swift; path = AppDelegate.swift; sourceTree = "<group>"; };
		54D27AEF29ABF02600C0965E /* SceneDelegate.swift */ = {isa = PBXFileReference; lastKnownFileType = sourcecode.swift; path = SceneDelegate.swift; sourceTree = "<group>"; };
		54D27AF129ABF02600C0965E /* MainViewController.swift */ = {isa = PBXFileReference; lastKnownFileType = sourcecode.swift; path = MainViewController.swift; sourceTree = "<group>"; };
		54D27AF429ABF02600C0965E /* Base */ = {isa = PBXFileReference; lastKnownFileType = file.storyboard; name = Base; path = Base.lproj/Main.storyboard; sourceTree = "<group>"; };
		54D27AF629ABF02600C0965E /* Assets.xcassets */ = {isa = PBXFileReference; lastKnownFileType = folder.assetcatalog; path = Assets.xcassets; sourceTree = "<group>"; };
		54D27AF929ABF02600C0965E /* Base */ = {isa = PBXFileReference; lastKnownFileType = file.storyboard; name = Base; path = Base.lproj/LaunchScreen.storyboard; sourceTree = "<group>"; };
		54D27AFB29ABF02600C0965E /* Info.plist */ = {isa = PBXFileReference; lastKnownFileType = text.plist.xml; path = Info.plist; sourceTree = "<group>"; };
		54D27B0429ABF15C00C0965E /* R&MSchema.graphqls */ = {isa = PBXFileReference; lastKnownFileType = text; path = "R&MSchema.graphqls"; sourceTree = "<group>"; };
		54D27B0729ABF6ED00C0965E /* AllCharacters.graphql */ = {isa = PBXFileReference; lastKnownFileType = text; path = AllCharacters.graphql; sourceTree = "<group>"; };
		54FF8A8629AE940A002A6D2F /* LocationsViewController.swift */ = {isa = PBXFileReference; lastKnownFileType = sourcecode.swift; path = LocationsViewController.swift; sourceTree = "<group>"; };
		54FF8A8829AE9655002A6D2F /* TabBarController.swift */ = {isa = PBXFileReference; lastKnownFileType = sourcecode.swift; path = TabBarController.swift; sourceTree = "<group>"; };
		54FF8A8A29AE9A53002A6D2F /* AllLocations.graphql */ = {isa = PBXFileReference; lastKnownFileType = text; path = AllLocations.graphql; sourceTree = "<group>"; };
		54FF8AAA29AE9B4D002A6D2F /* AllCharactersQuery.graphql.swift */ = {isa = PBXFileReference; fileEncoding = 4; lastKnownFileType = sourcecode.swift; path = AllCharactersQuery.graphql.swift; sourceTree = "<group>"; };
		54FF8AAB29AE9B4D002A6D2F /* AllLocationsQuery.graphql.swift */ = {isa = PBXFileReference; fileEncoding = 4; lastKnownFileType = sourcecode.swift; path = AllLocationsQuery.graphql.swift; sourceTree = "<group>"; };
		54FF8AAE29AE9B4D002A6D2F /* Characters.graphql.swift */ = {isa = PBXFileReference; fileEncoding = 4; lastKnownFileType = sourcecode.swift; path = Characters.graphql.swift; sourceTree = "<group>"; };
		54FF8AAF29AE9B4D002A6D2F /* Character.graphql.swift */ = {isa = PBXFileReference; fileEncoding = 4; lastKnownFileType = sourcecode.swift; path = Character.graphql.swift; sourceTree = "<group>"; };
		54FF8AB029AE9B4D002A6D2F /* Location.graphql.swift */ = {isa = PBXFileReference; fileEncoding = 4; lastKnownFileType = sourcecode.swift; path = Location.graphql.swift; sourceTree = "<group>"; };
		54FF8AB129AE9B4D002A6D2F /* Query.graphql.swift */ = {isa = PBXFileReference; fileEncoding = 4; lastKnownFileType = sourcecode.swift; path = Query.graphql.swift; sourceTree = "<group>"; };
		54FF8AB229AE9B4D002A6D2F /* Episode.graphql.swift */ = {isa = PBXFileReference; fileEncoding = 4; lastKnownFileType = sourcecode.swift; path = Episode.graphql.swift; sourceTree = "<group>"; };
		54FF8AB329AE9B4D002A6D2F /* Locations.graphql.swift */ = {isa = PBXFileReference; fileEncoding = 4; lastKnownFileType = sourcecode.swift; path = Locations.graphql.swift; sourceTree = "<group>"; };
		54FF8AB429AE9B4D002A6D2F /* SchemaConfiguration.swift */ = {isa = PBXFileReference; fileEncoding = 4; lastKnownFileType = sourcecode.swift; path = SchemaConfiguration.swift; sourceTree = "<group>"; };
		54FF8AB529AE9B4D002A6D2F /* SchemaMetadata.graphql.swift */ = {isa = PBXFileReference; fileEncoding = 4; lastKnownFileType = sourcecode.swift; path = SchemaMetadata.graphql.swift; sourceTree = "<group>"; };
		54FF8AB629AE9B4D002A6D2F /* MortySchema.graphql.swift */ = {isa = PBXFileReference; fileEncoding = 4; lastKnownFileType = sourcecode.swift; path = MortySchema.graphql.swift; sourceTree = "<group>"; };
		54FF8AC229AE9C13002A6D2F /* Location.swift */ = {isa = PBXFileReference; lastKnownFileType = sourcecode.swift; path = Location.swift; sourceTree = "<group>"; };
		54FF8AC429AE9C1B002A6D2F /* Locations.swift */ = {isa = PBXFileReference; lastKnownFileType = sourcecode.swift; path = Locations.swift; sourceTree = "<group>"; };
/* End PBXFileReference section */

/* Begin PBXFrameworksBuildPhase section */
		54D27AE729ABF02500C0965E /* Frameworks */ = {
			isa = PBXFrameworksBuildPhase;
			buildActionMask = 2147483647;
			files = (
				540DFABC29AD24BB002BD4F4 /* SDWebImage in Frameworks */,
				54D27B0329ABF0BF00C0965E /* Apollo in Frameworks */,
			);
			runOnlyForDeploymentPostprocessing = 0;
		};
/* End PBXFrameworksBuildPhase section */

/* Begin PBXGroup section */
		549BD07E29AD0D5800DF0C4A /* Model */ = {
			isa = PBXGroup;
			children = (
				549BD07A29AD0C6100DF0C4A /* Character.swift */,
				549BD08129AD0DF300DF0C4A /* Characters.swift */,
				54FF8AC229AE9C13002A6D2F /* Location.swift */,
				54FF8AC429AE9C1B002A6D2F /* Locations.swift */,
			);
			path = Model;
			sourceTree = "<group>";
		};
		549BD07F29AD0D6C00DF0C4A /* View */ = {
			isa = PBXGroup;
			children = (
				54D27AF829ABF02600C0965E /* LaunchScreen.storyboard */,
				54D27AF329ABF02600C0965E /* Main.storyboard */,
				5409E3AC29AD001200E16A01 /* CharacterCell.swift */,
				5406C88429AD5A2900D6E3A2 /* ImageCell.swift */,
				54AF495F29AD941200B20882 /* InfoCell.swift */,
				54AF496029AD941200B20882 /* InfoCell.xib */,
				54FF8A8629AE940A002A6D2F /* LocationsViewController.swift */,
				54FF8A8829AE9655002A6D2F /* TabBarController.swift */,
			);
			path = View;
			sourceTree = "<group>";
		};
		549BD08029AD0D9900DF0C4A /* Controller */ = {
			isa = PBXGroup;
			children = (
				54D27AF129ABF02600C0965E /* MainViewController.swift */,
				540DFAC129AD2D86002BD4F4 /* DetailsViewController.swift */,
			);
			path = Controller;
			sourceTree = "<group>";
		};
		54D27AE129ABF02500C0965E = {
			isa = PBXGroup;
			children = (
				54D27AEC29ABF02600C0965E /* MortyDex */,
				54D27AEB29ABF02600C0965E /* Products */,
			);
			sourceTree = "<group>";
		};
		54D27AEB29ABF02600C0965E /* Products */ = {
			isa = PBXGroup;
			children = (
				54D27AEA29ABF02600C0965E /* MortyDex.app */,
			);
			name = Products;
			sourceTree = "<group>";
		};
		54D27AEC29ABF02600C0965E /* MortyDex */ = {
			isa = PBXGroup;
			children = (
				54FF8AA729AE9B4D002A6D2F /* MortySchema */,
				549BD07E29AD0D5800DF0C4A /* Model */,
				549BD07F29AD0D6C00DF0C4A /* View */,
				549BD08029AD0D9900DF0C4A /* Controller */,
				54D27B0629ABF6BC00C0965E /* Queries */,
				54D27AED29ABF02600C0965E /* AppDelegate.swift */,
				54D27AEF29ABF02600C0965E /* SceneDelegate.swift */,
				54D27AF629ABF02600C0965E /* Assets.xcassets */,
				54D27AFB29ABF02600C0965E /* Info.plist */,
				54D27B0429ABF15C00C0965E /* R&MSchema.graphqls */,
			);
			path = MortyDex;
			sourceTree = "<group>";
		};
		54D27B0629ABF6BC00C0965E /* Queries */ = {
			isa = PBXGroup;
			children = (
				54D27B0729ABF6ED00C0965E /* AllCharacters.graphql */,
				54FF8A8A29AE9A53002A6D2F /* AllLocations.graphql */,
			);
			path = Queries;
			sourceTree = "<group>";
		};
		54FF8AA729AE9B4D002A6D2F /* MortySchema */ = {
			isa = PBXGroup;
			children = (
				54FF8AA829AE9B4D002A6D2F /* Operations */,
				54FF8AAC29AE9B4D002A6D2F /* Schema */,
				54FF8AB629AE9B4D002A6D2F /* MortySchema.graphql.swift */,
			);
			path = MortySchema;
			sourceTree = SOURCE_ROOT;
		};
		54FF8AA829AE9B4D002A6D2F /* Operations */ = {
			isa = PBXGroup;
			children = (
				54FF8AA929AE9B4D002A6D2F /* Queries */,
			);
			path = Operations;
			sourceTree = "<group>";
		};
		54FF8AA929AE9B4D002A6D2F /* Queries */ = {
			isa = PBXGroup;
			children = (
				54FF8AAA29AE9B4D002A6D2F /* AllCharactersQuery.graphql.swift */,
				54FF8AAB29AE9B4D002A6D2F /* AllLocationsQuery.graphql.swift */,
			);
			path = Queries;
			sourceTree = "<group>";
		};
		54FF8AAC29AE9B4D002A6D2F /* Schema */ = {
			isa = PBXGroup;
			children = (
				54FF8AAD29AE9B4D002A6D2F /* Objects */,
				54FF8AB429AE9B4D002A6D2F /* SchemaConfiguration.swift */,
				54FF8AB529AE9B4D002A6D2F /* SchemaMetadata.graphql.swift */,
			);
			path = Schema;
			sourceTree = "<group>";
		};
		54FF8AAD29AE9B4D002A6D2F /* Objects */ = {
			isa = PBXGroup;
			children = (
				54FF8AAE29AE9B4D002A6D2F /* Characters.graphql.swift */,
				54FF8AAF29AE9B4D002A6D2F /* Character.graphql.swift */,
				54FF8AB029AE9B4D002A6D2F /* Location.graphql.swift */,
				54FF8AB129AE9B4D002A6D2F /* Query.graphql.swift */,
				54FF8AB229AE9B4D002A6D2F /* Episode.graphql.swift */,
				54FF8AB329AE9B4D002A6D2F /* Locations.graphql.swift */,
			);
			path = Objects;
			sourceTree = "<group>";
		};
/* End PBXGroup section */

/* Begin PBXNativeTarget section */
		54D27AE929ABF02500C0965E /* MortyDex */ = {
			isa = PBXNativeTarget;
			buildConfigurationList = 54D27AFE29ABF02600C0965E /* Build configuration list for PBXNativeTarget "MortyDex" */;
			buildPhases = (
				54D27AE629ABF02500C0965E /* Sources */,
				54D27AE729ABF02500C0965E /* Frameworks */,
				54D27AE829ABF02500C0965E /* Resources */,
			);
			buildRules = (
			);
			dependencies = (
			);
			name = MortyDex;
			packageProductDependencies = (
				54D27B0229ABF0BF00C0965E /* Apollo */,
				540DFABB29AD24BB002BD4F4 /* SDWebImage */,
			);
			productName = MortyDex;
			productReference = 54D27AEA29ABF02600C0965E /* MortyDex.app */;
			productType = "com.apple.product-type.application";
		};
/* End PBXNativeTarget section */

/* Begin PBXProject section */
		54D27AE229ABF02500C0965E /* Project object */ = {
			isa = PBXProject;
			attributes = {
				BuildIndependentTargetsInParallel = 1;
				LastSwiftUpdateCheck = 1420;
				LastUpgradeCheck = 1420;
				TargetAttributes = {
					54D27AE929ABF02500C0965E = {
						CreatedOnToolsVersion = 14.2;
					};
				};
			};
			buildConfigurationList = 54D27AE529ABF02500C0965E /* Build configuration list for PBXProject "MortyDex" */;
			compatibilityVersion = "Xcode 14.0";
			developmentRegion = en;
			hasScannedForEncodings = 0;
			knownRegions = (
				en,
				Base,
			);
			mainGroup = 54D27AE129ABF02500C0965E;
			packageReferences = (
				54D27B0129ABF0BF00C0965E /* XCRemoteSwiftPackageReference "apollo-ios" */,
				540DFABA29AD24BB002BD4F4 /* XCRemoteSwiftPackageReference "SDWebImage" */,
			);
			productRefGroup = 54D27AEB29ABF02600C0965E /* Products */;
			projectDirPath = "";
			projectRoot = "";
			targets = (
				54D27AE929ABF02500C0965E /* MortyDex */,
			);
		};
/* End PBXProject section */

/* Begin PBXResourcesBuildPhase section */
		54D27AE829ABF02500C0965E /* Resources */ = {
			isa = PBXResourcesBuildPhase;
			buildActionMask = 2147483647;
			files = (
				54D27B0529ABF15C00C0965E /* R&MSchema.graphqls in Resources */,
				54AF496229AD941200B20882 /* InfoCell.xib in Resources */,
				54D27AFA29ABF02600C0965E /* LaunchScreen.storyboard in Resources */,
				54D27AF729ABF02600C0965E /* Assets.xcassets in Resources */,
				54FF8A8B29AE9A53002A6D2F /* AllLocations.graphql in Resources */,
				54D27B0829ABF6ED00C0965E /* AllCharacters.graphql in Resources */,
				54D27AF529ABF02600C0965E /* Main.storyboard in Resources */,
			);
			runOnlyForDeploymentPostprocessing = 0;
		};
/* End PBXResourcesBuildPhase section */

/* Begin PBXSourcesBuildPhase section */
		54D27AE629ABF02500C0965E /* Sources */ = {
			isa = PBXSourcesBuildPhase;
			buildActionMask = 2147483647;
			files = (
				54D27AF229ABF02600C0965E /* MainViewController.swift in Sources */,
				549BD07B29AD0C6100DF0C4A /* Character.swift in Sources */,
				549BD08229AD0DF300DF0C4A /* Characters.swift in Sources */,
				54AF496129AD941200B20882 /* InfoCell.swift in Sources */,
				54FF8ABE29AE9B4D002A6D2F /* Locations.graphql.swift in Sources */,
				54FF8ABF29AE9B4D002A6D2F /* SchemaConfiguration.swift in Sources */,
				54FF8AC529AE9C1B002A6D2F /* Locations.swift in Sources */,
				54FF8AB929AE9B4D002A6D2F /* Characters.graphql.swift in Sources */,
				54FF8ABC29AE9B4D002A6D2F /* Query.graphql.swift in Sources */,
				5409E3AD29AD001200E16A01 /* CharacterCell.swift in Sources */,
				54D27AEE29ABF02600C0965E /* AppDelegate.swift in Sources */,
				54FF8ABD29AE9B4D002A6D2F /* Episode.graphql.swift in Sources */,
				54FF8AC129AE9B4D002A6D2F /* MortySchema.graphql.swift in Sources */,
				54FF8ABB29AE9B4D002A6D2F /* Location.graphql.swift in Sources */,
				54FF8AB829AE9B4D002A6D2F /* AllLocationsQuery.graphql.swift in Sources */,
				54FF8AC329AE9C13002A6D2F /* Location.swift in Sources */,
				54FF8ABA29AE9B4D002A6D2F /* Character.graphql.swift in Sources */,
				54D27AF029ABF02600C0965E /* SceneDelegate.swift in Sources */,
				540DFAC229AD2D86002BD4F4 /* DetailsViewController.swift in Sources */,
				54FF8AC029AE9B4D002A6D2F /* SchemaMetadata.graphql.swift in Sources */,
				54FF8A8729AE940A002A6D2F /* LocationsViewController.swift in Sources */,
				54FF8A8929AE9655002A6D2F /* TabBarController.swift in Sources */,
				54FF8AB729AE9B4D002A6D2F /* AllCharactersQuery.graphql.swift in Sources */,
				5406C88529AD5A2900D6E3A2 /* ImageCell.swift in Sources */,
			);
			runOnlyForDeploymentPostprocessing = 0;
		};
/* End PBXSourcesBuildPhase section */

/* Begin PBXVariantGroup section */
		54D27AF329ABF02600C0965E /* Main.storyboard */ = {
			isa = PBXVariantGroup;
			children = (
				54D27AF429ABF02600C0965E /* Base */,
			);
			name = Main.storyboard;
			sourceTree = "<group>";
		};
		54D27AF829ABF02600C0965E /* LaunchScreen.storyboard */ = {
			isa = PBXVariantGroup;
			children = (
				54D27AF929ABF02600C0965E /* Base */,
			);
			name = LaunchScreen.storyboard;
			sourceTree = "<group>";
		};
/* End PBXVariantGroup section */

/* Begin XCBuildConfiguration section */
		54D27AFC29ABF02600C0965E /* Debug */ = {
			isa = XCBuildConfiguration;
			buildSettings = {
				ALWAYS_SEARCH_USER_PATHS = NO;
				CLANG_ANALYZER_NONNULL = YES;
				CLANG_ANALYZER_NUMBER_OBJECT_CONVERSION = YES_AGGRESSIVE;
				CLANG_CXX_LANGUAGE_STANDARD = "gnu++20";
				CLANG_ENABLE_MODULES = YES;
				CLANG_ENABLE_OBJC_ARC = YES;
				CLANG_ENABLE_OBJC_WEAK = YES;
				CLANG_WARN_BLOCK_CAPTURE_AUTORELEASING = YES;
				CLANG_WARN_BOOL_CONVERSION = YES;
				CLANG_WARN_COMMA = YES;
				CLANG_WARN_CONSTANT_CONVERSION = YES;
				CLANG_WARN_DEPRECATED_OBJC_IMPLEMENTATIONS = YES;
				CLANG_WARN_DIRECT_OBJC_ISA_USAGE = YES_ERROR;
				CLANG_WARN_DOCUMENTATION_COMMENTS = YES;
				CLANG_WARN_EMPTY_BODY = YES;
				CLANG_WARN_ENUM_CONVERSION = YES;
				CLANG_WARN_INFINITE_RECURSION = YES;
				CLANG_WARN_INT_CONVERSION = YES;
				CLANG_WARN_NON_LITERAL_NULL_CONVERSION = YES;
				CLANG_WARN_OBJC_IMPLICIT_RETAIN_SELF = YES;
				CLANG_WARN_OBJC_LITERAL_CONVERSION = YES;
				CLANG_WARN_OBJC_ROOT_CLASS = YES_ERROR;
				CLANG_WARN_QUOTED_INCLUDE_IN_FRAMEWORK_HEADER = YES;
				CLANG_WARN_RANGE_LOOP_ANALYSIS = YES;
				CLANG_WARN_STRICT_PROTOTYPES = YES;
				CLANG_WARN_SUSPICIOUS_MOVE = YES;
				CLANG_WARN_UNGUARDED_AVAILABILITY = YES_AGGRESSIVE;
				CLANG_WARN_UNREACHABLE_CODE = YES;
				CLANG_WARN__DUPLICATE_METHOD_MATCH = YES;
				COPY_PHASE_STRIP = NO;
				DEBUG_INFORMATION_FORMAT = dwarf;
				ENABLE_STRICT_OBJC_MSGSEND = YES;
				ENABLE_TESTABILITY = YES;
				GCC_C_LANGUAGE_STANDARD = gnu11;
				GCC_DYNAMIC_NO_PIC = NO;
				GCC_NO_COMMON_BLOCKS = YES;
				GCC_OPTIMIZATION_LEVEL = 0;
				GCC_PREPROCESSOR_DEFINITIONS = (
					"DEBUG=1",
					"$(inherited)",
				);
				GCC_WARN_64_TO_32_BIT_CONVERSION = YES;
				GCC_WARN_ABOUT_RETURN_TYPE = YES_ERROR;
				GCC_WARN_UNDECLARED_SELECTOR = YES;
				GCC_WARN_UNINITIALIZED_AUTOS = YES_AGGRESSIVE;
				GCC_WARN_UNUSED_FUNCTION = YES;
				GCC_WARN_UNUSED_VARIABLE = YES;
				IPHONEOS_DEPLOYMENT_TARGET = 16.2;
				MTL_ENABLE_DEBUG_INFO = INCLUDE_SOURCE;
				MTL_FAST_MATH = YES;
				ONLY_ACTIVE_ARCH = YES;
				SDKROOT = iphoneos;
				SWIFT_ACTIVE_COMPILATION_CONDITIONS = DEBUG;
				SWIFT_OPTIMIZATION_LEVEL = "-Onone";
			};
			name = Debug;
		};
		54D27AFD29ABF02600C0965E /* Release */ = {
			isa = XCBuildConfiguration;
			buildSettings = {
				ALWAYS_SEARCH_USER_PATHS = NO;
				CLANG_ANALYZER_NONNULL = YES;
				CLANG_ANALYZER_NUMBER_OBJECT_CONVERSION = YES_AGGRESSIVE;
				CLANG_CXX_LANGUAGE_STANDARD = "gnu++20";
				CLANG_ENABLE_MODULES = YES;
				CLANG_ENABLE_OBJC_ARC = YES;
				CLANG_ENABLE_OBJC_WEAK = YES;
				CLANG_WARN_BLOCK_CAPTURE_AUTORELEASING = YES;
				CLANG_WARN_BOOL_CONVERSION = YES;
				CLANG_WARN_COMMA = YES;
				CLANG_WARN_CONSTANT_CONVERSION = YES;
				CLANG_WARN_DEPRECATED_OBJC_IMPLEMENTATIONS = YES;
				CLANG_WARN_DIRECT_OBJC_ISA_USAGE = YES_ERROR;
				CLANG_WARN_DOCUMENTATION_COMMENTS = YES;
				CLANG_WARN_EMPTY_BODY = YES;
				CLANG_WARN_ENUM_CONVERSION = YES;
				CLANG_WARN_INFINITE_RECURSION = YES;
				CLANG_WARN_INT_CONVERSION = YES;
				CLANG_WARN_NON_LITERAL_NULL_CONVERSION = YES;
				CLANG_WARN_OBJC_IMPLICIT_RETAIN_SELF = YES;
				CLANG_WARN_OBJC_LITERAL_CONVERSION = YES;
				CLANG_WARN_OBJC_ROOT_CLASS = YES_ERROR;
				CLANG_WARN_QUOTED_INCLUDE_IN_FRAMEWORK_HEADER = YES;
				CLANG_WARN_RANGE_LOOP_ANALYSIS = YES;
				CLANG_WARN_STRICT_PROTOTYPES = YES;
				CLANG_WARN_SUSPICIOUS_MOVE = YES;
				CLANG_WARN_UNGUARDED_AVAILABILITY = YES_AGGRESSIVE;
				CLANG_WARN_UNREACHABLE_CODE = YES;
				CLANG_WARN__DUPLICATE_METHOD_MATCH = YES;
				COPY_PHASE_STRIP = NO;
				DEBUG_INFORMATION_FORMAT = "dwarf-with-dsym";
				ENABLE_NS_ASSERTIONS = NO;
				ENABLE_STRICT_OBJC_MSGSEND = YES;
				GCC_C_LANGUAGE_STANDARD = gnu11;
				GCC_NO_COMMON_BLOCKS = YES;
				GCC_WARN_64_TO_32_BIT_CONVERSION = YES;
				GCC_WARN_ABOUT_RETURN_TYPE = YES_ERROR;
				GCC_WARN_UNDECLARED_SELECTOR = YES;
				GCC_WARN_UNINITIALIZED_AUTOS = YES_AGGRESSIVE;
				GCC_WARN_UNUSED_FUNCTION = YES;
				GCC_WARN_UNUSED_VARIABLE = YES;
				IPHONEOS_DEPLOYMENT_TARGET = 16.2;
				MTL_ENABLE_DEBUG_INFO = NO;
				MTL_FAST_MATH = YES;
				SDKROOT = iphoneos;
				SWIFT_COMPILATION_MODE = wholemodule;
				SWIFT_OPTIMIZATION_LEVEL = "-O";
				VALIDATE_PRODUCT = YES;
			};
			name = Release;
		};
		54D27AFF29ABF02600C0965E /* Debug */ = {
			isa = XCBuildConfiguration;
			buildSettings = {
				ASSETCATALOG_COMPILER_APPICON_NAME = AppIcon;
				ASSETCATALOG_COMPILER_GLOBAL_ACCENT_COLOR_NAME = AccentColor;
				CODE_SIGN_STYLE = Automatic;
				CURRENT_PROJECT_VERSION = 1;
				DEVELOPMENT_TEAM = ZLYSHH5PC8;
				GENERATE_INFOPLIST_FILE = YES;
				INFOPLIST_FILE = MortyDex/Info.plist;
				INFOPLIST_KEY_UIApplicationSupportsIndirectInputEvents = YES;
				INFOPLIST_KEY_UILaunchStoryboardName = LaunchScreen;
				INFOPLIST_KEY_UIMainStoryboardFile = Main;
				INFOPLIST_KEY_UISupportedInterfaceOrientations_iPad = "UIInterfaceOrientationPortrait UIInterfaceOrientationPortraitUpsideDown UIInterfaceOrientationLandscapeLeft UIInterfaceOrientationLandscapeRight";
				INFOPLIST_KEY_UISupportedInterfaceOrientations_iPhone = "UIInterfaceOrientationPortrait UIInterfaceOrientationLandscapeLeft UIInterfaceOrientationLandscapeRight";
				LD_RUNPATH_SEARCH_PATHS = (
					"$(inherited)",
					"@executable_path/Frameworks",
				);
				MARKETING_VERSION = 1.0;
				PRODUCT_BUNDLE_IDENTIFIER = com.singh.MortyDex;
				PRODUCT_NAME = "$(TARGET_NAME)";
				SWIFT_EMIT_LOC_STRINGS = YES;
				SWIFT_VERSION = 5.0;
				TARGETED_DEVICE_FAMILY = "1,2";
			};
			name = Debug;
		};
		54D27B0029ABF02600C0965E /* Release */ = {
			isa = XCBuildConfiguration;
			buildSettings = {
				ASSETCATALOG_COMPILER_APPICON_NAME = AppIcon;
				ASSETCATALOG_COMPILER_GLOBAL_ACCENT_COLOR_NAME = AccentColor;
				CODE_SIGN_STYLE = Automatic;
				CURRENT_PROJECT_VERSION = 1;
				DEVELOPMENT_TEAM = ZLYSHH5PC8;
				GENERATE_INFOPLIST_FILE = YES;
				INFOPLIST_FILE = MortyDex/Info.plist;
				INFOPLIST_KEY_UIApplicationSupportsIndirectInputEvents = YES;
				INFOPLIST_KEY_UILaunchStoryboardName = LaunchScreen;
				INFOPLIST_KEY_UIMainStoryboardFile = Main;
				INFOPLIST_KEY_UISupportedInterfaceOrientations_iPad = "UIInterfaceOrientationPortrait UIInterfaceOrientationPortraitUpsideDown UIInterfaceOrientationLandscapeLeft UIInterfaceOrientationLandscapeRight";
				INFOPLIST_KEY_UISupportedInterfaceOrientations_iPhone = "UIInterfaceOrientationPortrait UIInterfaceOrientationLandscapeLeft UIInterfaceOrientationLandscapeRight";
				LD_RUNPATH_SEARCH_PATHS = (
					"$(inherited)",
					"@executable_path/Frameworks",
				);
				MARKETING_VERSION = 1.0;
				PRODUCT_BUNDLE_IDENTIFIER = com.singh.MortyDex;
				PRODUCT_NAME = "$(TARGET_NAME)";
				SWIFT_EMIT_LOC_STRINGS = YES;
				SWIFT_VERSION = 5.0;
				TARGETED_DEVICE_FAMILY = "1,2";
			};
			name = Release;
		};
/* End XCBuildConfiguration section */

/* Begin XCConfigurationList section */
		54D27AE529ABF02500C0965E /* Build configuration list for PBXProject "MortyDex" */ = {
			isa = XCConfigurationList;
			buildConfigurations = (
				54D27AFC29ABF02600C0965E /* Debug */,
				54D27AFD29ABF02600C0965E /* Release */,
			);
			defaultConfigurationIsVisible = 0;
			defaultConfigurationName = Release;
		};
		54D27AFE29ABF02600C0965E /* Build configuration list for PBXNativeTarget "MortyDex" */ = {
			isa = XCConfigurationList;
			buildConfigurations = (
				54D27AFF29ABF02600C0965E /* Debug */,
				54D27B0029ABF02600C0965E /* Release */,
			);
			defaultConfigurationIsVisible = 0;
			defaultConfigurationName = Release;
		};
/* End XCConfigurationList section */

/* Begin XCRemoteSwiftPackageReference section */
		540DFABA29AD24BB002BD4F4 /* XCRemoteSwiftPackageReference "SDWebImage" */ = {
			isa = XCRemoteSwiftPackageReference;
			repositoryURL = "https://github.com/SDWebImage/SDWebImage";
			requirement = {
				kind = upToNextMajorVersion;
				minimumVersion = 5.0.0;
			};
		};
		54D27B0129ABF0BF00C0965E /* XCRemoteSwiftPackageReference "apollo-ios" */ = {
			isa = XCRemoteSwiftPackageReference;
			repositoryURL = "https://github.com/apollographql/apollo-ios.git";
			requirement = {
				kind = exactVersion;
				version = 1.0.7;
			};
		};
/* End XCRemoteSwiftPackageReference section */

/* Begin XCSwiftPackageProductDependency section */
		540DFABB29AD24BB002BD4F4 /* SDWebImage */ = {
			isa = XCSwiftPackageProductDependency;
			package = 540DFABA29AD24BB002BD4F4 /* XCRemoteSwiftPackageReference "SDWebImage" */;
			productName = SDWebImage;
		};
		54D27B0229ABF0BF00C0965E /* Apollo */ = {
			isa = XCSwiftPackageProductDependency;
			package = 54D27B0129ABF0BF00C0965E /* XCRemoteSwiftPackageReference "apollo-ios" */;
			productName = Apollo;
		};
/* End XCSwiftPackageProductDependency section */
	};
	rootObject = 54D27AE229ABF02500C0965E /* Project object */;
}
